
Microsoft Visual Studio Solution File, Format Version 12.00
# Visual Studio 15
VisualStudioVersion = 15.0.28307.168
MinimumVisualStudioVersion = 10.0.40219.1
Project("{888888A0-9F3D-457C-B088-3A5042F75D52}") = "Netcat", "Netcat\Netcat.pyproj", "{61B43A91-9A8C-4A30-AAE3-373FF96F9A48}"
EndProject
Global
	GlobalSection(SolutionConfigurationPlatforms) = preSolution
		Debug|Any CPU = Debug|Any CPU
		Release|Any CPU = Release|Any CPU
	EndGlobalSection
	GlobalSection(ProjectConfigurationPlatforms) = postSolution
		{61B43A91-9A8C-4A30-AAE3-373FF96F9A48}.Debug|Any CPU.ActiveCfg = Debug|Any CPU
		{61B43A91-9A8C-4A30-AAE3-373FF96F9A48}.Release|Any CPU.ActiveCfg = Release|Any CPU
	EndGlobalSection
	GlobalSection(SolutionProperties) = preSolution
		HideSolutionNode = FALSE
	EndGlobalSection
	GlobalSection(ExtensibilityGlobals) = postSolution
		SolutionGuid = {FA8092CD-7EF9-4324-8B56-C2416CFD6523}
	EndGlobalSection
EndGlobal
